// !$*UTF8*$!
{
	archiveVersion = 1;
	classes = {
	};
	objectVersion = 48;
	objects = {

/* Begin PBXBuildFile section */
		186BD36621341899005EBE4E /* GrowingIORNAutoTrackPlugin.m in Sources */ = {isa = PBXBuildFile; fileRef = 186BD36521341899005EBE4E /* GrowingIORNAutoTrackPlugin.m */; };
		18E0BD511F988C9400049DE1 /* GrowingIORNPlugin.m in Sources */ = {isa = PBXBuildFile; fileRef = 18E0BD501F988C9400049DE1 /* GrowingIORNPlugin.m */; };
		18E0BD521F988C9400049DE1 /* GrowingIORNPlugin.h in CopyFiles */ = {isa = PBXBuildFile; fileRef = 18E0BD4F1F988C9400049DE1 /* GrowingIORNPlugin.h */; };
/* End PBXBuildFile section */

/* Begin PBXCopyFilesBuildPhase section */
		18E0BD4A1F988C9400049DE1 /* CopyFiles */ = {
			isa = PBXCopyFilesBuildPhase;
			buildActionMask = 2147483647;
			dstPath = "include/$(PRODUCT_NAME)";
			dstSubfolderSpec = 16;
			files = (
				18E0BD521F988C9400049DE1 /* GrowingIORNPlugin.h in CopyFiles */,
			);
			runOnlyForDeploymentPostprocessing = 0;
		};
/* End PBXCopyFilesBuildPhase section */

/* Begin PBXFileReference section */
		186BD36421341899005EBE4E /* GrowingIORNAutoTrackPlugin.h */ = {isa = PBXFileReference; lastKnownFileType = sourcecode.c.h; path = GrowingIORNAutoTrackPlugin.h; sourceTree = "<group>"; };
		186BD36521341899005EBE4E /* GrowingIORNAutoTrackPlugin.m */ = {isa = PBXFileReference; lastKnownFileType = sourcecode.c.objc; path = GrowingIORNAutoTrackPlugin.m; sourceTree = "<group>"; };
		18E0BD4C1F988C9400049DE1 /* libGrowingIORNPlugin.a */ = {isa = PBXFileReference; explicitFileType = archive.ar; includeInIndex = 0; path = libGrowingIORNPlugin.a; sourceTree = BUILT_PRODUCTS_DIR; };
		18E0BD4F1F988C9400049DE1 /* GrowingIORNPlugin.h */ = {isa = PBXFileReference; lastKnownFileType = sourcecode.c.h; path = GrowingIORNPlugin.h; sourceTree = "<group>"; };
		18E0BD501F988C9400049DE1 /* GrowingIORNPlugin.m */ = {isa = PBXFileReference; lastKnownFileType = sourcecode.c.objc; path = GrowingIORNPlugin.m; sourceTree = "<group>"; };
/* End PBXFileReference section */

/* Begin PBXFrameworksBuildPhase section */
		18E0BD491F988C9400049DE1 /* Frameworks */ = {
			isa = PBXFrameworksBuildPhase;
			buildActionMask = 2147483647;
			files = (
			);
			runOnlyForDeploymentPostprocessing = 0;
		};
/* End PBXFrameworksBuildPhase section */

/* Begin PBXGroup section */
		18E0BD431F988C9400049DE1 = {
			isa = PBXGroup;
			children = (
				18E0BD4E1F988C9400049DE1 /* GrowingIORNPlugin */,
				18E0BD4D1F988C9400049DE1 /* Products */,
			);
			sourceTree = "<group>";
		};
		18E0BD4D1F988C9400049DE1 /* Products */ = {
			isa = PBXGroup;
			children = (
				18E0BD4C1F988C9400049DE1 /* libGrowingIORNPlugin.a */,
			);
			name = Products;
			sourceTree = "<group>";
		};
		18E0BD4E1F988C9400049DE1 /* GrowingIORNPlugin */ = {
			isa = PBXGroup;
			children = (
				18E0BD4F1F988C9400049DE1 /* GrowingIORNPlugin.h */,
				18E0BD501F988C9400049DE1 /* GrowingIORNPlugin.m */,
				186BD36421341899005EBE4E /* GrowingIORNAutoTrackPlugin.h */,
				186BD36521341899005EBE4E /* GrowingIORNAutoTrackPlugin.m */,
			);
			path = GrowingIORNPlugin;
			sourceTree = "<group>";
		};
/* End PBXGroup section */

/* Begin PBXNativeTarget section */
		18E0BD4B1F988C9400049DE1 /* GrowingIORNPlugin */ = {
			isa = PBXNativeTarget;
			buildConfigurationList = 18E0BD551F988C9400049DE1 /* Build configuration list for PBXNativeTarget "GrowingIORNPlugin" */;
			buildPhases = (
				18E0BD481F988C9400049DE1 /* Sources */,
				18E0BD491F988C9400049DE1 /* Frameworks */,
				18E0BD4A1F988C9400049DE1 /* CopyFiles */,
			);
			buildRules = (
			);
			dependencies = (
			);
			name = GrowingIORNPlugin;
			productName = GrowingIORNPlugin;
			productReference = 18E0BD4C1F988C9400049DE1 /* libGrowingIORNPlugin.a */;
			productType = "com.apple.product-type.library.static";
		};
/* End PBXNativeTarget section */

/* Begin PBXProject section */
		18E0BD441F988C9400049DE1 /* Project object */ = {
			isa = PBXProject;
			attributes = {
				LastUpgradeCheck = 0900;
				ORGANIZATIONNAME = GrowingIO;
				TargetAttributes = {
					18E0BD4B1F988C9400049DE1 = {
						CreatedOnToolsVersion = 9.0;
						ProvisioningStyle = Automatic;
					};
				};
			};
			buildConfigurationList = 18E0BD471F988C9400049DE1 /* Build configuration list for PBXProject "GrowingIORNPlugin" */;
			compatibilityVersion = "Xcode 8.0";
			developmentRegion = en;
			hasScannedForEncodings = 0;
			knownRegions = (
				en,
			);
			mainGroup = 18E0BD431F988C9400049DE1;
			productRefGroup = 18E0BD4D1F988C9400049DE1 /* Products */;
			projectDirPath = "";
			projectRoot = "";
			targets = (
				18E0BD4B1F988C9400049DE1 /* GrowingIORNPlugin */,
			);
		};
/* End PBXProject section */

/* Begin PBXSourcesBuildPhase section */
		18E0BD481F988C9400049DE1 /* Sources */ = {
			isa = PBXSourcesBuildPhase;
			buildActionMask = 2147483647;
			files = (
				18E0BD511F988C9400049DE1 /* GrowingIORNPlugin.m in Sources */,
				186BD36621341899005EBE4E /* GrowingIORNAutoTrackPlugin.m in Sources */,
			);
			runOnlyForDeploymentPostprocessing = 0;
		};
/* End PBXSourcesBuildPhase section */

/* Begin XCBuildConfiguration section */
		18E0BD531F988C9400049DE1 /* Debug */ = {
			isa = XCBuildConfiguration;
			buildSettings = {
				ALWAYS_SEARCH_USER_PATHS = NO;
				CLANG_ANALYZER_NONNULL = YES;
				CLANG_ANALYZER_NUMBER_OBJECT_CONVERSION = YES_AGGRESSIVE;
				CLANG_CXX_LANGUAGE_STANDARD = "gnu++14";
				CLANG_CXX_LIBRARY = "libc++";
				CLANG_ENABLE_MODULES = YES;
				CLANG_ENABLE_OBJC_ARC = YES;
				CLANG_WARN_BLOCK_CAPTURE_AUTORELEASING = YES;
				CLANG_WARN_BOOL_CONVERSION = YES;
				CLANG_WARN_COMMA = YES;
				CLANG_WARN_CONSTANT_CONVERSION = YES;
				CLANG_WARN_DIRECT_OBJC_ISA_USAGE = YES_ERROR;
				CLANG_WARN_DOCUMENTATION_COMMENTS = YES;
				CLANG_WARN_EMPTY_BODY = YES;
				CLANG_WARN_ENUM_CONVERSION = YES;
				CLANG_WARN_INFINITE_RECURSION = YES;
				CLANG_WARN_INT_CONVERSION = YES;
				CLANG_WARN_NON_LITERAL_NULL_CONVERSION = YES;
				CLANG_WARN_OBJC_LITERAL_CONVERSION = YES;
				CLANG_WARN_OBJC_ROOT_CLASS = YES_ERROR;
				CLANG_WARN_RANGE_LOOP_ANALYSIS = YES;
				CLANG_WARN_STRICT_PROTOTYPES = YES;
				CLANG_WARN_SUSPICIOUS_MOVE = YES;
				CLANG_WARN_UNGUARDED_AVAILABILITY = YES_AGGRESSIVE;
				CLANG_WARN_UNREACHABLE_CODE = YES;
				CLANG_WARN__DUPLICATE_METHOD_MATCH = YES;
				CODE_SIGN_IDENTITY = "iPhone Developer";
				COPY_PHASE_STRIP = NO;
				DEBUG_INFORMATION_FORMAT = dwarf;
				ENABLE_STRICT_OBJC_MSGSEND = YES;
				ENABLE_TESTABILITY = YES;
				GCC_C_LANGUAGE_STANDARD = gnu11;
				GCC_DYNAMIC_NO_PIC = NO;
				GCC_NO_COMMON_BLOCKS = YES;
				GCC_OPTIMIZATION_LEVEL = 0;
				GCC_PREPROCESSOR_DEFINITIONS = (
					"DEBUG=1",
					"$(inherited)",
				);
				GCC_WARN_64_TO_32_BIT_CONVERSION = YES;
				GCC_WARN_ABOUT_RETURN_TYPE = YES_ERROR;
				GCC_WARN_UNDECLARED_SELECTOR = YES;
				GCC_WARN_UNINITIALIZED_AUTOS = YES_AGGRESSIVE;
				GCC_WARN_UNUSED_FUNCTION = YES;
				GCC_WARN_UNUSED_VARIABLE = YES;
				IPHONEOS_DEPLOYMENT_TARGET = 6.0;
				MTL_ENABLE_DEBUG_INFO = YES;
				ONLY_ACTIVE_ARCH = YES;
				SDKROOT = iphoneos;
			};
			name = Debug;
		};
		18E0BD541F988C9400049DE1 /* Release */ = {
			isa = XCBuildConfiguration;
			buildSettings = {
				ALWAYS_SEARCH_USER_PATHS = NO;
				CLANG_ANALYZER_NONNULL = YES;
				CLANG_ANALYZER_NUMBER_OBJECT_CONVERSION = YES_AGGRESSIVE;
				CLANG_CXX_LANGUAGE_STANDARD = "gnu++14";
				CLANG_CXX_LIBRARY = "libc++";
				CLANG_ENABLE_MODULES = YES;
				CLANG_ENABLE_OBJC_ARC = YES;
				CLANG_WARN_BLOCK_CAPTURE_AUTORELEASING = YES;
				CLANG_WARN_BOOL_CONVERSION = YES;
				CLANG_WARN_COMMA = YES;
				CLANG_WARN_CONSTANT_CONVERSION = YES;
				CLANG_WARN_DIRECT_OBJC_ISA_USAGE = YES_ERROR;
				CLANG_WARN_DOCUMENTATION_COMMENTS = YES;
				CLANG_WARN_EMPTY_BODY = YES;
				CLANG_WARN_ENUM_CONVERSION = YES;
				CLANG_WARN_INFINITE_RECURSION = YES;
				CLANG_WARN_INT_CONVERSION = YES;
				CLANG_WARN_NON_LITERAL_NULL_CONVERSION = YES;
				CLANG_WARN_OBJC_LITERAL_CONVERSION = YES;
				CLANG_WARN_OBJC_ROOT_CLASS = YES_ERROR;
				CLANG_WARN_RANGE_LOOP_ANALYSIS = YES;
				CLANG_WARN_STRICT_PROTOTYPES = YES;
				CLANG_WARN_SUSPICIOUS_MOVE = YES;
				CLANG_WARN_UNGUARDED_AVAILABILITY = YES_AGGRESSIVE;
				CLANG_WARN_UNREACHABLE_CODE = YES;
				CLANG_WARN__DUPLICATE_METHOD_MATCH = YES;
				CODE_SIGN_IDENTITY = "iPhone Developer";
				COPY_PHASE_STRIP = NO;
				DEBUG_INFORMATION_FORMAT = "dwarf-with-dsym";
				ENABLE_NS_ASSERTIONS = NO;
				ENABLE_STRICT_OBJC_MSGSEND = YES;
				GCC_C_LANGUAGE_STANDARD = gnu11;
				GCC_NO_COMMON_BLOCKS = YES;
				GCC_WARN_64_TO_32_BIT_CONVERSION = YES;
				GCC_WARN_ABOUT_RETURN_TYPE = YES_ERROR;
				GCC_WARN_UNDECLARED_SELECTOR = YES;
				GCC_WARN_UNINITIALIZED_AUTOS = YES_AGGRESSIVE;
				GCC_WARN_UNUSED_FUNCTION = YES;
				GCC_WARN_UNUSED_VARIABLE = YES;
				IPHONEOS_DEPLOYMENT_TARGET = 6.0;
				MTL_ENABLE_DEBUG_INFO = NO;
				SDKROOT = iphoneos;
				VALIDATE_PRODUCT = YES;
			};
			name = Release;
		};
		18E0BD561F988C9400049DE1 /* Debug */ = {
			isa = XCBuildConfiguration;
			buildSettings = {
				CODE_SIGN_STYLE = Automatic;
				DEVELOPMENT_TEAM = SXBU677CPT;
				FRAMEWORK_SEARCH_PATHS = (
					"$(inherited)",
					"$(PROJECT_DIR)/GrowingIO-iOS-CoreKit",
				);
				HEADER_SEARCH_PATHS = (
					"$(PROJECT_DIR)/GrowingIO-iOS-CoreKit",
					"$(inherited)",
					"$(SRCROOT)/../../React/**",
					"$(SRCROOT)/../react-native/React/**",
					"$(SRCROOT)/node_modules/react-native/React/**",
				);
				IPHONEOS_DEPLOYMENT_TARGET = 6.0;
				LIBRARY_SEARCH_PATHS = "$(inherited)";
				OTHER_LDFLAGS = "-ObjC";
				PRODUCT_NAME = "$(TARGET_NAME)";
				SKIP_INSTALL = YES;
				TARGETED_DEVICE_FAMILY = "1,2";
			};
			name = Debug;
		};
		18E0BD571F988C9400049DE1 /* Release */ = {
			isa = XCBuildConfiguration;
			buildSettings = {
				CODE_SIGN_STYLE = Automatic;
				DEVELOPMENT_TEAM = SXBU677CPT;
				FRAMEWORK_SEARCH_PATHS = (
					"$(inherited)",
					"$(PROJECT_DIR)/GrowingIO-iOS-CoreKit",
				);
				HEADER_SEARCH_PATHS = (
					"$(PROJECT_DIR)/GrowingIO-iOS-CoreKit",
					"$(inherited)",
					"$(SRCROOT)/../../React/**",
					"$(SRCROOT)/../react-native/React/**",
					"$(SRCROOT)/node_modules/react-native/React/**",
				);
				IPHONEOS_DEPLOYMENT_TARGET = 6.0;
				LIBRARY_SEARCH_PATHS = "$(inherited)";
				OTHER_LDFLAGS = "-ObjC";
				PRODUCT_NAME = "$(TARGET_NAME)";
				SKIP_INSTALL = YES;
				TARGETED_DEVICE_FAMILY = "1,2";
			};
			name = Release;
		};
/* End XCBuildConfiguration section */

/* Begin XCConfigurationList section */
		18E0BD471F988C9400049DE1 /* Build configuration list for PBXProject "GrowingIORNPlugin" */ = {
			isa = XCConfigurationList;
			buildConfigurations = (
				18E0BD531F988C9400049DE1 /* Debug */,
				18E0BD541F988C9400049DE1 /* Release */,
			);
			defaultConfigurationIsVisible = 0;
			defaultConfigurationName = Release;
		};
		18E0BD551F988C9400049DE1 /* Build configuration list for PBXNativeTarget "GrowingIORNPlugin" */ = {
			isa = XCConfigurationList;
			buildConfigurations = (
				18E0BD561F988C9400049DE1 /* Debug */,
				18E0BD571F988C9400049DE1 /* Release */,
			);
			defaultConfigurationIsVisible = 0;
			defaultConfigurationName = Release;
		};
/* End XCConfigurationList section */
	};
	rootObject = 18E0BD441F988C9400049DE1 /* Project object */;
}
